// !$*UTF8*$!
{
	archiveVersion = 1;
	classes = {
	};
	objectVersion = 56;
	objects = {

/* Begin PBXBuildFile section */
		DF5868642BD55984000EE5D0 /* MoonApp.swift in Sources */ = {isa = PBXBuildFile; fileRef = DF5868632BD55984000EE5D0 /* MoonApp.swift */; };
		DF5868662BD55984000EE5D0 /* ContentView.swift in Sources */ = {isa = PBXBuildFile; fileRef = DF5868652BD55984000EE5D0 /* ContentView.swift */; };
		DF5868682BD55984000EE5D0 /* Item.swift in Sources */ = {isa = PBXBuildFile; fileRef = DF5868672BD55984000EE5D0 /* Item.swift */; };
		DF58686A2BD55984000EE5D0 /* Assets.xcassets in Resources */ = {isa = PBXBuildFile; fileRef = DF5868692BD55984000EE5D0 /* Assets.xcassets */; };
		DF58686D2BD55984000EE5D0 /* Preview Assets.xcassets in Resources */ = {isa = PBXBuildFile; fileRef = DF58686C2BD55984000EE5D0 /* Preview Assets.xcassets */; };
		DF5868772BD55984000EE5D0 /* MoonTests.swift in Sources */ = {isa = PBXBuildFile; fileRef = DF5868762BD55984000EE5D0 /* MoonTests.swift */; };
		DF5868812BD55984000EE5D0 /* MoonUITests.swift in Sources */ = {isa = PBXBuildFile; fileRef = DF5868802BD55984000EE5D0 /* MoonUITests.swift */; };
		DF5868832BD55984000EE5D0 /* MoonUITestsLaunchTests.swift in Sources */ = {isa = PBXBuildFile; fileRef = DF5868822BD55984000EE5D0 /* MoonUITestsLaunchTests.swift */; };
		DF5868902BD55BCC000EE5D0 /* ClientsView.swift in Sources */ = {isa = PBXBuildFile; fileRef = DF58688F2BD55BCC000EE5D0 /* ClientsView.swift */; };
		DF5868922BD55CFA000EE5D0 /* ClientListItem.swift in Sources */ = {isa = PBXBuildFile; fileRef = DF5868912BD55CFA000EE5D0 /* ClientListItem.swift */; };
		DF5868942BD55D0F000EE5D0 /* Client.swift in Sources */ = {isa = PBXBuildFile; fileRef = DF5868932BD55D0F000EE5D0 /* Client.swift */; };
		DF5868962BD561B6000EE5D0 /* Avatar.swift in Sources */ = {isa = PBXBuildFile; fileRef = DF5868952BD561B6000EE5D0 /* Avatar.swift */; };
		DF5868982BD5656F000EE5D0 /* ClientView.swift in Sources */ = {isa = PBXBuildFile; fileRef = DF5868972BD5656F000EE5D0 /* ClientView.swift */; };
		DF58689B2BD568B8000EE5D0 /* NewClient.swift in Sources */ = {isa = PBXBuildFile; fileRef = DF58689A2BD568B8000EE5D0 /* NewClient.swift */; };
		DFABADE92BFB4F0700905D69 /* GraphQL.swift in Sources */ = {isa = PBXBuildFile; fileRef = DFABADE82BFB4F0700905D69 /* GraphQL.swift */; };
		DFABADEE2C131DA300905D69 /* EditClientView.swift in Sources */ = {isa = PBXBuildFile; fileRef = DFABADED2C131DA300905D69 /* EditClientView.swift */; };
/* End PBXBuildFile section */

/* Begin PBXContainerItemProxy section */
		DF5868732BD55984000EE5D0 /* PBXContainerItemProxy */ = {
			isa = PBXContainerItemProxy;
			containerPortal = DF5868582BD55984000EE5D0 /* Project object */;
			proxyType = 1;
			remoteGlobalIDString = DF58685F2BD55984000EE5D0;
			remoteInfo = Moon;
		};
		DF58687D2BD55984000EE5D0 /* PBXContainerItemProxy */ = {
			isa = PBXContainerItemProxy;
			containerPortal = DF5868582BD55984000EE5D0 /* Project object */;
			proxyType = 1;
			remoteGlobalIDString = DF58685F2BD55984000EE5D0;
			remoteInfo = Moon;
		};
/* End PBXContainerItemProxy section */

/* Begin PBXFileReference section */
		DF5868602BD55984000EE5D0 /* Moon.app */ = {isa = PBXFileReference; explicitFileType = wrapper.application; includeInIndex = 0; path = Moon.app; sourceTree = BUILT_PRODUCTS_DIR; };
		DF5868632BD55984000EE5D0 /* MoonApp.swift */ = {isa = PBXFileReference; lastKnownFileType = sourcecode.swift; path = MoonApp.swift; sourceTree = "<group>"; };
		DF5868652BD55984000EE5D0 /* ContentView.swift */ = {isa = PBXFileReference; lastKnownFileType = sourcecode.swift; path = ContentView.swift; sourceTree = "<group>"; };
		DF5868672BD55984000EE5D0 /* Item.swift */ = {isa = PBXFileReference; lastKnownFileType = sourcecode.swift; path = Item.swift; sourceTree = "<group>"; };
		DF5868692BD55984000EE5D0 /* Assets.xcassets */ = {isa = PBXFileReference; lastKnownFileType = folder.assetcatalog; path = Assets.xcassets; sourceTree = "<group>"; };
		DF58686C2BD55984000EE5D0 /* Preview Assets.xcassets */ = {isa = PBXFileReference; lastKnownFileType = folder.assetcatalog; path = "Preview Assets.xcassets"; sourceTree = "<group>"; };
		DF5868722BD55984000EE5D0 /* MoonTests.xctest */ = {isa = PBXFileReference; explicitFileType = wrapper.cfbundle; includeInIndex = 0; path = MoonTests.xctest; sourceTree = BUILT_PRODUCTS_DIR; };
		DF5868762BD55984000EE5D0 /* MoonTests.swift */ = {isa = PBXFileReference; lastKnownFileType = sourcecode.swift; path = MoonTests.swift; sourceTree = "<group>"; };
		DF58687C2BD55984000EE5D0 /* MoonUITests.xctest */ = {isa = PBXFileReference; explicitFileType = wrapper.cfbundle; includeInIndex = 0; path = MoonUITests.xctest; sourceTree = BUILT_PRODUCTS_DIR; };
		DF5868802BD55984000EE5D0 /* MoonUITests.swift */ = {isa = PBXFileReference; lastKnownFileType = sourcecode.swift; path = MoonUITests.swift; sourceTree = "<group>"; };
		DF5868822BD55984000EE5D0 /* MoonUITestsLaunchTests.swift */ = {isa = PBXFileReference; lastKnownFileType = sourcecode.swift; path = MoonUITestsLaunchTests.swift; sourceTree = "<group>"; };
		DF58688F2BD55BCC000EE5D0 /* ClientsView.swift */ = {isa = PBXFileReference; lastKnownFileType = sourcecode.swift; path = ClientsView.swift; sourceTree = "<group>"; };
		DF5868912BD55CFA000EE5D0 /* ClientListItem.swift */ = {isa = PBXFileReference; lastKnownFileType = sourcecode.swift; path = ClientListItem.swift; sourceTree = "<group>"; };
		DF5868932BD55D0F000EE5D0 /* Client.swift */ = {isa = PBXFileReference; lastKnownFileType = sourcecode.swift; path = Client.swift; sourceTree = "<group>"; };
		DF5868952BD561B6000EE5D0 /* Avatar.swift */ = {isa = PBXFileReference; lastKnownFileType = sourcecode.swift; path = Avatar.swift; sourceTree = "<group>"; };
		DF5868972BD5656F000EE5D0 /* ClientView.swift */ = {isa = PBXFileReference; lastKnownFileType = sourcecode.swift; path = ClientView.swift; sourceTree = "<group>"; };
		DF58689A2BD568B8000EE5D0 /* NewClient.swift */ = {isa = PBXFileReference; lastKnownFileType = sourcecode.swift; path = NewClient.swift; sourceTree = "<group>"; };
		DFABADE82BFB4F0700905D69 /* GraphQL.swift */ = {isa = PBXFileReference; lastKnownFileType = sourcecode.swift; path = GraphQL.swift; sourceTree = "<group>"; };
		DFABADED2C131DA300905D69 /* EditClientView.swift */ = {isa = PBXFileReference; lastKnownFileType = sourcecode.swift; path = EditClientView.swift; sourceTree = "<group>"; };
/* End PBXFileReference section */

/* Begin PBXFrameworksBuildPhase section */
		DF58685D2BD55984000EE5D0 /* Frameworks */ = {
			isa = PBXFrameworksBuildPhase;
			buildActionMask = 2147483647;
			files = (
			);
			runOnlyForDeploymentPostprocessing = 0;
		};
		DF58686F2BD55984000EE5D0 /* Frameworks */ = {
			isa = PBXFrameworksBuildPhase;
			buildActionMask = 2147483647;
			files = (
			);
			runOnlyForDeploymentPostprocessing = 0;
		};
		DF5868792BD55984000EE5D0 /* Frameworks */ = {
			isa = PBXFrameworksBuildPhase;
			buildActionMask = 2147483647;
			files = (
			);
			runOnlyForDeploymentPostprocessing = 0;
		};
/* End PBXFrameworksBuildPhase section */

/* Begin PBXGroup section */
		DF5868572BD55984000EE5D0 = {
			isa = PBXGroup;
			children = (
				DF5868622BD55984000EE5D0 /* Moon */,
				DF5868752BD55984000EE5D0 /* MoonTests */,
				DF58687F2BD55984000EE5D0 /* MoonUITests */,
				DF5868612BD55984000EE5D0 /* Products */,
				DFABADEA2BFE143E00905D69 /* Frameworks */,
			);
			sourceTree = "<group>";
		};
		DF5868612BD55984000EE5D0 /* Products */ = {
			isa = PBXGroup;
			children = (
				DF5868602BD55984000EE5D0 /* Moon.app */,
				DF5868722BD55984000EE5D0 /* MoonTests.xctest */,
				DF58687C2BD55984000EE5D0 /* MoonUITests.xctest */,
			);
			name = Products;
			sourceTree = "<group>";
		};
		DF5868622BD55984000EE5D0 /* Moon */ = {
			isa = PBXGroup;
			children = (
				DFABADE72BFB4EF000905D69 /* api */,
				DF5868992BD56667000EE5D0 /* Clients */,
				DF5868632BD55984000EE5D0 /* MoonApp.swift */,
				DF5868652BD55984000EE5D0 /* ContentView.swift */,
				DF5868672BD55984000EE5D0 /* Item.swift */,
				DF5868692BD55984000EE5D0 /* Assets.xcassets */,
				DF58686B2BD55984000EE5D0 /* Preview Content */,
				DF5868952BD561B6000EE5D0 /* Avatar.swift */,
			);
			path = Moon;
			sourceTree = "<group>";
		};
		DF58686B2BD55984000EE5D0 /* Preview Content */ = {
			isa = PBXGroup;
			children = (
				DF58686C2BD55984000EE5D0 /* Preview Assets.xcassets */,
			);
			path = "Preview Content";
			sourceTree = "<group>";
		};
		DF5868752BD55984000EE5D0 /* MoonTests */ = {
			isa = PBXGroup;
			children = (
				DF5868762BD55984000EE5D0 /* MoonTests.swift */,
			);
			path = MoonTests;
			sourceTree = "<group>";
		};
		DF58687F2BD55984000EE5D0 /* MoonUITests */ = {
			isa = PBXGroup;
			children = (
				DF5868802BD55984000EE5D0 /* MoonUITests.swift */,
				DF5868822BD55984000EE5D0 /* MoonUITestsLaunchTests.swift */,
			);
			path = MoonUITests;
			sourceTree = "<group>";
		};
		DF5868992BD56667000EE5D0 /* Clients */ = {
			isa = PBXGroup;
			children = (
				DF5868932BD55D0F000EE5D0 /* Client.swift */,
				DF58688F2BD55BCC000EE5D0 /* ClientsView.swift */,
				DF5868912BD55CFA000EE5D0 /* ClientListItem.swift */,
				DF5868972BD5656F000EE5D0 /* ClientView.swift */,
				DF58689A2BD568B8000EE5D0 /* NewClient.swift */,
				DFABADED2C131DA300905D69 /* EditClientView.swift */,
			);
			path = Clients;
			sourceTree = "<group>";
		};
		DFABADE72BFB4EF000905D69 /* api */ = {
			isa = PBXGroup;
			children = (
				DFABADE82BFB4F0700905D69 /* GraphQL.swift */,
			);
			path = api;
			sourceTree = "<group>";
		};
		DFABADEA2BFE143E00905D69 /* Frameworks */ = {
			isa = PBXGroup;
			children = (
			);
			name = Frameworks;
			sourceTree = "<group>";
		};
/* End PBXGroup section */

/* Begin PBXNativeTarget section */
		DF58685F2BD55984000EE5D0 /* Moon */ = {
			isa = PBXNativeTarget;
			buildConfigurationList = DF5868862BD55984000EE5D0 /* Build configuration list for PBXNativeTarget "Moon" */;
			buildPhases = (
				DF58685C2BD55984000EE5D0 /* Sources */,
				DF58685D2BD55984000EE5D0 /* Frameworks */,
				DF58685E2BD55984000EE5D0 /* Resources */,
			);
			buildRules = (
			);
			dependencies = (
			);
			name = Moon;
			productName = Moon;
			productReference = DF5868602BD55984000EE5D0 /* Moon.app */;
			productType = "com.apple.product-type.application";
		};
		DF5868712BD55984000EE5D0 /* MoonTests */ = {
			isa = PBXNativeTarget;
			buildConfigurationList = DF5868892BD55984000EE5D0 /* Build configuration list for PBXNativeTarget "MoonTests" */;
			buildPhases = (
				DF58686E2BD55984000EE5D0 /* Sources */,
				DF58686F2BD55984000EE5D0 /* Frameworks */,
				DF5868702BD55984000EE5D0 /* Resources */,
			);
			buildRules = (
			);
			dependencies = (
				DF5868742BD55984000EE5D0 /* PBXTargetDependency */,
			);
			name = MoonTests;
			productName = MoonTests;
			productReference = DF5868722BD55984000EE5D0 /* MoonTests.xctest */;
			productType = "com.apple.product-type.bundle.unit-test";
		};
		DF58687B2BD55984000EE5D0 /* MoonUITests */ = {
			isa = PBXNativeTarget;
			buildConfigurationList = DF58688C2BD55984000EE5D0 /* Build configuration list for PBXNativeTarget "MoonUITests" */;
			buildPhases = (
				DF5868782BD55984000EE5D0 /* Sources */,
				DF5868792BD55984000EE5D0 /* Frameworks */,
				DF58687A2BD55984000EE5D0 /* Resources */,
			);
			buildRules = (
			);
			dependencies = (
				DF58687E2BD55984000EE5D0 /* PBXTargetDependency */,
			);
			name = MoonUITests;
			productName = MoonUITests;
			productReference = DF58687C2BD55984000EE5D0 /* MoonUITests.xctest */;
			productType = "com.apple.product-type.bundle.ui-testing";
		};
/* End PBXNativeTarget section */

/* Begin PBXProject section */
		DF5868582BD55984000EE5D0 /* Project object */ = {
			isa = PBXProject;
			attributes = {
				BuildIndependentTargetsInParallel = 1;
				LastSwiftUpdateCheck = 1530;
				LastUpgradeCheck = 1530;
				TargetAttributes = {
					DF58685F2BD55984000EE5D0 = {
						CreatedOnToolsVersion = 15.3;
					};
					DF5868712BD55984000EE5D0 = {
						CreatedOnToolsVersion = 15.3;
						TestTargetID = DF58685F2BD55984000EE5D0;
					};
					DF58687B2BD55984000EE5D0 = {
						CreatedOnToolsVersion = 15.3;
						TestTargetID = DF58685F2BD55984000EE5D0;
					};
				};
			};
			buildConfigurationList = DF58685B2BD55984000EE5D0 /* Build configuration list for PBXProject "Moon" */;
			compatibilityVersion = "Xcode 14.0";
			developmentRegion = en;
			hasScannedForEncodings = 0;
			knownRegions = (
				en,
				Base,
			);
			mainGroup = DF5868572BD55984000EE5D0;
			productRefGroup = DF5868612BD55984000EE5D0 /* Products */;
			projectDirPath = "";
			projectRoot = "";
			targets = (
				DF58685F2BD55984000EE5D0 /* Moon */,
				DF5868712BD55984000EE5D0 /* MoonTests */,
				DF58687B2BD55984000EE5D0 /* MoonUITests */,
			);
		};
/* End PBXProject section */

/* Begin PBXResourcesBuildPhase section */
		DF58685E2BD55984000EE5D0 /* Resources */ = {
			isa = PBXResourcesBuildPhase;
			buildActionMask = 2147483647;
			files = (
				DF58686D2BD55984000EE5D0 /* Preview Assets.xcassets in Resources */,
				DF58686A2BD55984000EE5D0 /* Assets.xcassets in Resources */,
			);
			runOnlyForDeploymentPostprocessing = 0;
		};
		DF5868702BD55984000EE5D0 /* Resources */ = {
			isa = PBXResourcesBuildPhase;
			buildActionMask = 2147483647;
			files = (
			);
			runOnlyForDeploymentPostprocessing = 0;
		};
		DF58687A2BD55984000EE5D0 /* Resources */ = {
			isa = PBXResourcesBuildPhase;
			buildActionMask = 2147483647;
			files = (
			);
			runOnlyForDeploymentPostprocessing = 0;
		};
/* End PBXResourcesBuildPhase section */

/* Begin PBXSourcesBuildPhase section */
		DF58685C2BD55984000EE5D0 /* Sources */ = {
			isa = PBXSourcesBuildPhase;
			buildActionMask = 2147483647;
			files = (
				DF58689B2BD568B8000EE5D0 /* NewClient.swift in Sources */,
				DF5868662BD55984000EE5D0 /* ContentView.swift in Sources */,
				DF5868902BD55BCC000EE5D0 /* ClientsView.swift in Sources */,
				DF5868942BD55D0F000EE5D0 /* Client.swift in Sources */,
				DF5868922BD55CFA000EE5D0 /* ClientListItem.swift in Sources */,
				DFABADE92BFB4F0700905D69 /* GraphQL.swift in Sources */,
				DF5868962BD561B6000EE5D0 /* Avatar.swift in Sources */,
				DF5868982BD5656F000EE5D0 /* ClientView.swift in Sources */,
				DF5868682BD55984000EE5D0 /* Item.swift in Sources */,
				DFABADEE2C131DA300905D69 /* EditClientView.swift in Sources */,
				DF5868642BD55984000EE5D0 /* MoonApp.swift in Sources */,
			);
			runOnlyForDeploymentPostprocessing = 0;
		};
		DF58686E2BD55984000EE5D0 /* Sources */ = {
			isa = PBXSourcesBuildPhase;
			buildActionMask = 2147483647;
			files = (
				DF5868772BD55984000EE5D0 /* MoonTests.swift in Sources */,
			);
			runOnlyForDeploymentPostprocessing = 0;
		};
		DF5868782BD55984000EE5D0 /* Sources */ = {
			isa = PBXSourcesBuildPhase;
			buildActionMask = 2147483647;
			files = (
				DF5868812BD55984000EE5D0 /* MoonUITests.swift in Sources */,
				DF5868832BD55984000EE5D0 /* MoonUITestsLaunchTests.swift in Sources */,
			);
			runOnlyForDeploymentPostprocessing = 0;
		};
/* End PBXSourcesBuildPhase section */

/* Begin PBXTargetDependency section */
		DF5868742BD55984000EE5D0 /* PBXTargetDependency */ = {
			isa = PBXTargetDependency;
			target = DF58685F2BD55984000EE5D0 /* Moon */;
			targetProxy = DF5868732BD55984000EE5D0 /* PBXContainerItemProxy */;
		};
		DF58687E2BD55984000EE5D0 /* PBXTargetDependency */ = {
			isa = PBXTargetDependency;
			target = DF58685F2BD55984000EE5D0 /* Moon */;
			targetProxy = DF58687D2BD55984000EE5D0 /* PBXContainerItemProxy */;
		};
/* End PBXTargetDependency section */

/* Begin XCBuildConfiguration section */
		DF5868842BD55984000EE5D0 /* Debug */ = {
			isa = XCBuildConfiguration;
			buildSettings = {
				ALWAYS_SEARCH_USER_PATHS = NO;
				ASSETCATALOG_COMPILER_GENERATE_SWIFT_ASSET_SYMBOL_EXTENSIONS = YES;
				CLANG_ANALYZER_NONNULL = YES;
				CLANG_ANALYZER_NUMBER_OBJECT_CONVERSION = YES_AGGRESSIVE;
				CLANG_CXX_LANGUAGE_STANDARD = "gnu++20";
				CLANG_ENABLE_MODULES = YES;
				CLANG_ENABLE_OBJC_ARC = YES;
				CLANG_ENABLE_OBJC_WEAK = YES;
				CLANG_WARN_BLOCK_CAPTURE_AUTORELEASING = YES;
				CLANG_WARN_BOOL_CONVERSION = YES;
				CLANG_WARN_COMMA = YES;
				CLANG_WARN_CONSTANT_CONVERSION = YES;
				CLANG_WARN_DEPRECATED_OBJC_IMPLEMENTATIONS = YES;
				CLANG_WARN_DIRECT_OBJC_ISA_USAGE = YES_ERROR;
				CLANG_WARN_DOCUMENTATION_COMMENTS = YES;
				CLANG_WARN_EMPTY_BODY = YES;
				CLANG_WARN_ENUM_CONVERSION = YES;
				CLANG_WARN_INFINITE_RECURSION = YES;
				CLANG_WARN_INT_CONVERSION = YES;
				CLANG_WARN_NON_LITERAL_NULL_CONVERSION = YES;
				CLANG_WARN_OBJC_IMPLICIT_RETAIN_SELF = YES;
				CLANG_WARN_OBJC_LITERAL_CONVERSION = YES;
				CLANG_WARN_OBJC_ROOT_CLASS = YES_ERROR;
				CLANG_WARN_QUOTED_INCLUDE_IN_FRAMEWORK_HEADER = YES;
				CLANG_WARN_RANGE_LOOP_ANALYSIS = YES;
				CLANG_WARN_STRICT_PROTOTYPES = YES;
				CLANG_WARN_SUSPICIOUS_MOVE = YES;
				CLANG_WARN_UNGUARDED_AVAILABILITY = YES_AGGRESSIVE;
				CLANG_WARN_UNREACHABLE_CODE = YES;
				CLANG_WARN__DUPLICATE_METHOD_MATCH = YES;
				COPY_PHASE_STRIP = NO;
				DEBUG_INFORMATION_FORMAT = dwarf;
				ENABLE_STRICT_OBJC_MSGSEND = YES;
				ENABLE_TESTABILITY = YES;
				ENABLE_USER_SCRIPT_SANDBOXING = YES;
				GCC_C_LANGUAGE_STANDARD = gnu17;
				GCC_DYNAMIC_NO_PIC = NO;
				GCC_NO_COMMON_BLOCKS = YES;
				GCC_OPTIMIZATION_LEVEL = 0;
				GCC_PREPROCESSOR_DEFINITIONS = (
					"DEBUG=1",
					"$(inherited)",
				);
				GCC_WARN_64_TO_32_BIT_CONVERSION = YES;
				GCC_WARN_ABOUT_RETURN_TYPE = YES_ERROR;
				GCC_WARN_UNDECLARED_SELECTOR = YES;
				GCC_WARN_UNINITIALIZED_AUTOS = YES_AGGRESSIVE;
				GCC_WARN_UNUSED_FUNCTION = YES;
				GCC_WARN_UNUSED_VARIABLE = YES;
				IPHONEOS_DEPLOYMENT_TARGET = 17.4;
				LOCALIZATION_PREFERS_STRING_CATALOGS = YES;
				MTL_ENABLE_DEBUG_INFO = INCLUDE_SOURCE;
				MTL_FAST_MATH = YES;
				ONLY_ACTIVE_ARCH = YES;
				SDKROOT = iphoneos;
				SWIFT_ACTIVE_COMPILATION_CONDITIONS = "DEBUG $(inherited)";
				SWIFT_OPTIMIZATION_LEVEL = "-Onone";
			};
			name = Debug;
		};
		DF5868852BD55984000EE5D0 /* Release */ = {
			isa = XCBuildConfiguration;
			buildSettings = {
				ALWAYS_SEARCH_USER_PATHS = NO;
				ASSETCATALOG_COMPILER_GENERATE_SWIFT_ASSET_SYMBOL_EXTENSIONS = YES;
				CLANG_ANALYZER_NONNULL = YES;
				CLANG_ANALYZER_NUMBER_OBJECT_CONVERSION = YES_AGGRESSIVE;
				CLANG_CXX_LANGUAGE_STANDARD = "gnu++20";
				CLANG_ENABLE_MODULES = YES;
				CLANG_ENABLE_OBJC_ARC = YES;
				CLANG_ENABLE_OBJC_WEAK = YES;
				CLANG_WARN_BLOCK_CAPTURE_AUTORELEASING = YES;
				CLANG_WARN_BOOL_CONVERSION = YES;
				CLANG_WARN_COMMA = YES;
				CLANG_WARN_CONSTANT_CONVERSION = YES;
				CLANG_WARN_DEPRECATED_OBJC_IMPLEMENTATIONS = YES;
				CLANG_WARN_DIRECT_OBJC_ISA_USAGE = YES_ERROR;
				CLANG_WARN_DOCUMENTATION_COMMENTS = YES;
				CLANG_WARN_EMPTY_BODY = YES;
				CLANG_WARN_ENUM_CONVERSION = YES;
				CLANG_WARN_INFINITE_RECURSION = YES;
				CLANG_WARN_INT_CONVERSION = YES;
				CLANG_WARN_NON_LITERAL_NULL_CONVERSION = YES;
				CLANG_WARN_OBJC_IMPLICIT_RETAIN_SELF = YES;
				CLANG_WARN_OBJC_LITERAL_CONVERSION = YES;
				CLANG_WARN_OBJC_ROOT_CLASS = YES_ERROR;
				CLANG_WARN_QUOTED_INCLUDE_IN_FRAMEWORK_HEADER = YES;
				CLANG_WARN_RANGE_LOOP_ANALYSIS = YES;
				CLANG_WARN_STRICT_PROTOTYPES = YES;
				CLANG_WARN_SUSPICIOUS_MOVE = YES;
				CLANG_WARN_UNGUARDED_AVAILABILITY = YES_AGGRESSIVE;
				CLANG_WARN_UNREACHABLE_CODE = YES;
				CLANG_WARN__DUPLICATE_METHOD_MATCH = YES;
				COPY_PHASE_STRIP = NO;
				DEBUG_INFORMATION_FORMAT = "dwarf-with-dsym";
				ENABLE_NS_ASSERTIONS = NO;
				ENABLE_STRICT_OBJC_MSGSEND = YES;
				ENABLE_USER_SCRIPT_SANDBOXING = YES;
				GCC_C_LANGUAGE_STANDARD = gnu17;
				GCC_NO_COMMON_BLOCKS = YES;
				GCC_WARN_64_TO_32_BIT_CONVERSION = YES;
				GCC_WARN_ABOUT_RETURN_TYPE = YES_ERROR;
				GCC_WARN_UNDECLARED_SELECTOR = YES;
				GCC_WARN_UNINITIALIZED_AUTOS = YES_AGGRESSIVE;
				GCC_WARN_UNUSED_FUNCTION = YES;
				GCC_WARN_UNUSED_VARIABLE = YES;
				IPHONEOS_DEPLOYMENT_TARGET = 17.4;
				LOCALIZATION_PREFERS_STRING_CATALOGS = YES;
				MTL_ENABLE_DEBUG_INFO = NO;
				MTL_FAST_MATH = YES;
				SDKROOT = iphoneos;
				SWIFT_COMPILATION_MODE = wholemodule;
				VALIDATE_PRODUCT = YES;
			};
			name = Release;
		};
		DF5868872BD55984000EE5D0 /* Debug */ = {
			isa = XCBuildConfiguration;
			buildSettings = {
				ASSETCATALOG_COMPILER_APPICON_NAME = AppIcon;
				ASSETCATALOG_COMPILER_GLOBAL_ACCENT_COLOR_NAME = AccentColor;
				CODE_SIGN_STYLE = Automatic;
				CURRENT_PROJECT_VERSION = 1;
				DEVELOPMENT_ASSET_PATHS = "\"Moon/Preview Content\"";
				DEVELOPMENT_TEAM = DG8LTYL74L;
				ENABLE_PREVIEWS = YES;
				GENERATE_INFOPLIST_FILE = YES;
				INFOPLIST_KEY_UIApplicationSceneManifest_Generation = YES;
				INFOPLIST_KEY_UIApplicationSupportsIndirectInputEvents = YES;
				INFOPLIST_KEY_UILaunchScreen_Generation = YES;
				INFOPLIST_KEY_UISupportedInterfaceOrientations_iPad = "UIInterfaceOrientationPortrait UIInterfaceOrientationPortraitUpsideDown UIInterfaceOrientationLandscapeLeft UIInterfaceOrientationLandscapeRight";
				INFOPLIST_KEY_UISupportedInterfaceOrientations_iPhone = "UIInterfaceOrientationPortrait UIInterfaceOrientationLandscapeLeft UIInterfaceOrientationLandscapeRight";
				LD_RUNPATH_SEARCH_PATHS = (
					"$(inherited)",
					"@executable_path/Frameworks",
				);
				MARKETING_VERSION = 1.0;
				PRODUCT_BUNDLE_IDENTIFIER = dev.house.Moon;
				PRODUCT_NAME = "$(TARGET_NAME)";
				SWIFT_EMIT_LOC_STRINGS = YES;
				SWIFT_VERSION = 5.0;
				TARGETED_DEVICE_FAMILY = "1,2";
			};
			name = Debug;
		};
		DF5868882BD55984000EE5D0 /* Release */ = {
			isa = XCBuildConfiguration;
			buildSettings = {
				ASSETCATALOG_COMPILER_APPICON_NAME = AppIcon;
				ASSETCATALOG_COMPILER_GLOBAL_ACCENT_COLOR_NAME = AccentColor;
				CODE_SIGN_STYLE = Automatic;
				CURRENT_PROJECT_VERSION = 1;
				DEVELOPMENT_ASSET_PATHS = "\"Moon/Preview Content\"";
				DEVELOPMENT_TEAM = DG8LTYL74L;
				ENABLE_PREVIEWS = YES;
				GENERATE_INFOPLIST_FILE = YES;
				INFOPLIST_KEY_UIApplicationSceneManifest_Generation = YES;
				INFOPLIST_KEY_UIApplicationSupportsIndirectInputEvents = YES;
				INFOPLIST_KEY_UILaunchScreen_Generation = YES;
				INFOPLIST_KEY_UISupportedInterfaceOrientations_iPad = "UIInterfaceOrientationPortrait UIInterfaceOrientationPortraitUpsideDown UIInterfaceOrientationLandscapeLeft UIInterfaceOrientationLandscapeRight";
				INFOPLIST_KEY_UISupportedInterfaceOrientations_iPhone = "UIInterfaceOrientationPortrait UIInterfaceOrientationLandscapeLeft UIInterfaceOrientationLandscapeRight";
				LD_RUNPATH_SEARCH_PATHS = (
					"$(inherited)",
					"@executable_path/Frameworks",
				);
				MARKETING_VERSION = 1.0;
				PRODUCT_BUNDLE_IDENTIFIER = dev.house.Moon;
				PRODUCT_NAME = "$(TARGET_NAME)";
				SWIFT_EMIT_LOC_STRINGS = YES;
				SWIFT_VERSION = 5.0;
				TARGETED_DEVICE_FAMILY = "1,2";
			};
			name = Release;
		};
		DF58688A2BD55984000EE5D0 /* Debug */ = {
			isa = XCBuildConfiguration;
			buildSettings = {
				ALWAYS_EMBED_SWIFT_STANDARD_LIBRARIES = YES;
				BUNDLE_LOADER = "$(TEST_HOST)";
				CODE_SIGN_STYLE = Automatic;
				CURRENT_PROJECT_VERSION = 1;
				DEVELOPMENT_TEAM = DG8LTYL74L;
				GENERATE_INFOPLIST_FILE = YES;
				IPHONEOS_DEPLOYMENT_TARGET = 17.4;
				MARKETING_VERSION = 1.0;
				PRODUCT_BUNDLE_IDENTIFIER = dev.house.MoonTests;
				PRODUCT_NAME = "$(TARGET_NAME)";
				SWIFT_EMIT_LOC_STRINGS = NO;
				SWIFT_VERSION = 5.0;
				TARGETED_DEVICE_FAMILY = "1,2";
				TEST_HOST = "$(BUILT_PRODUCTS_DIR)/Moon.app/$(BUNDLE_EXECUTABLE_FOLDER_PATH)/Moon";
			};
			name = Debug;
		};
		DF58688B2BD55984000EE5D0 /* Release */ = {
			isa = XCBuildConfiguration;
			buildSettings = {
				ALWAYS_EMBED_SWIFT_STANDARD_LIBRARIES = YES;
				BUNDLE_LOADER = "$(TEST_HOST)";
				CODE_SIGN_STYLE = Automatic;
				CURRENT_PROJECT_VERSION = 1;
				DEVELOPMENT_TEAM = DG8LTYL74L;
				GENERATE_INFOPLIST_FILE = YES;
				IPHONEOS_DEPLOYMENT_TARGET = 17.4;
				MARKETING_VERSION = 1.0;
				PRODUCT_BUNDLE_IDENTIFIER = dev.house.MoonTests;
				PRODUCT_NAME = "$(TARGET_NAME)";
				SWIFT_EMIT_LOC_STRINGS = NO;
				SWIFT_VERSION = 5.0;
				TARGETED_DEVICE_FAMILY = "1,2";
				TEST_HOST = "$(BUILT_PRODUCTS_DIR)/Moon.app/$(BUNDLE_EXECUTABLE_FOLDER_PATH)/Moon";
			};
			name = Release;
		};
		DF58688D2BD55984000EE5D0 /* Debug */ = {
			isa = XCBuildConfiguration;
			buildSettings = {
				ALWAYS_EMBED_SWIFT_STANDARD_LIBRARIES = YES;
				CODE_SIGN_STYLE = Automatic;
				CURRENT_PROJECT_VERSION = 1;
				DEVELOPMENT_TEAM = DG8LTYL74L;
				GENERATE_INFOPLIST_FILE = YES;
				MARKETING_VERSION = 1.0;
				PRODUCT_BUNDLE_IDENTIFIER = dev.house.MoonUITests;
				PRODUCT_NAME = "$(TARGET_NAME)";
				SWIFT_EMIT_LOC_STRINGS = NO;
				SWIFT_VERSION = 5.0;
				TARGETED_DEVICE_FAMILY = "1,2";
				TEST_TARGET_NAME = Moon;
			};
			name = Debug;
		};
		DF58688E2BD55984000EE5D0 /* Release */ = {
			isa = XCBuildConfiguration;
			buildSettings = {
				ALWAYS_EMBED_SWIFT_STANDARD_LIBRARIES = YES;
				CODE_SIGN_STYLE = Automatic;
				CURRENT_PROJECT_VERSION = 1;
				DEVELOPMENT_TEAM = DG8LTYL74L;
				GENERATE_INFOPLIST_FILE = YES;
				MARKETING_VERSION = 1.0;
				PRODUCT_BUNDLE_IDENTIFIER = dev.house.MoonUITests;
				PRODUCT_NAME = "$(TARGET_NAME)";
				SWIFT_EMIT_LOC_STRINGS = NO;
				SWIFT_VERSION = 5.0;
				TARGETED_DEVICE_FAMILY = "1,2";
				TEST_TARGET_NAME = Moon;
			};
			name = Release;
		};
/* End XCBuildConfiguration section */

/* Begin XCConfigurationList section */
		DF58685B2BD55984000EE5D0 /* Build configuration list for PBXProject "Moon" */ = {
			isa = XCConfigurationList;
			buildConfigurations = (
				DF5868842BD55984000EE5D0 /* Debug */,
				DF5868852BD55984000EE5D0 /* Release */,
			);
			defaultConfigurationIsVisible = 0;
			defaultConfigurationName = Release;
		};
		DF5868862BD55984000EE5D0 /* Build configuration list for PBXNativeTarget "Moon" */ = {
			isa = XCConfigurationList;
			buildConfigurations = (
				DF5868872BD55984000EE5D0 /* Debug */,
				DF5868882BD55984000EE5D0 /* Release */,
			);
			defaultConfigurationIsVisible = 0;
			defaultConfigurationName = Release;
		};
		DF5868892BD55984000EE5D0 /* Build configuration list for PBXNativeTarget "MoonTests" */ = {
			isa = XCConfigurationList;
			buildConfigurations = (
				DF58688A2BD55984000EE5D0 /* Debug */,
				DF58688B2BD55984000EE5D0 /* Release */,
			);
			defaultConfigurationIsVisible = 0;
			defaultConfigurationName = Release;
		};
		DF58688C2BD55984000EE5D0 /* Build configuration list for PBXNativeTarget "MoonUITests" */ = {
			isa = XCConfigurationList;
			buildConfigurations = (
				DF58688D2BD55984000EE5D0 /* Debug */,
				DF58688E2BD55984000EE5D0 /* Release */,
			);
			defaultConfigurationIsVisible = 0;
			defaultConfigurationName = Release;
		};
/* End XCConfigurationList section */
	};
	rootObject = DF5868582BD55984000EE5D0 /* Project object */;
}
